
Microsoft Visual Studio Solution File, Format Version 12.00
# Visual Studio 14
VisualStudioVersion = 14.0.25123.0
MinimumVisualStudioVersion = 10.0.40219.1
Project("{FAE04EC0-301F-11D3-BF4B-00C04F79EFBC}") = "MakeEvent.Web", "MakeEvent.Web\MakeEvent.Web.csproj", "{9881312D-C521-432F-97FF-06570CCADF17}"
EndProject
Project("{2150E333-8FDC-42A3-9474-1A3956D46DE8}") = "Common", "Common", "{9DBA9716-04BF-40C0-956A-722F9AD01B72}"
EndProject
Project("{FAE04EC0-301F-11D3-BF4B-00C04F79EFBC}") = "MakeEvent.Common.Domain", "MakeEvent.Common.Domain\MakeEvent.Common.Domain.csproj", "{BCA0A987-E9B2-4E8B-9399-0E3592AE5CD7}"
EndProject
Project("{FAE04EC0-301F-11D3-BF4B-00C04F79EFBC}") = "MakeEvent.Domain", "MakeEvent.Domain\MakeEvent.Domain.csproj", "{D74B946D-38A6-4318-A828-F2741D674AA8}"
EndProject
Project("{FAE04EC0-301F-11D3-BF4B-00C04F79EFBC}") = "MakeEvent.Business", "MakeEvent.Business\MakeEvent.Business.csproj", "{6CE3F86E-9B70-43A9-8FF5-A18B46ADE9CD}"
EndProject
Project("{FAE04EC0-301F-11D3-BF4B-00C04F79EFBC}") = "MakeEvent.Service", "MakeEvent.Service\MakeEvent.Service.csproj", "{B60A3E70-C11F-4F4A-A809-6BEE3C77E4B8}"
EndProject
Project("{2150E333-8FDC-42A3-9474-1A3956D46DE8}") = "Business Layer", "Business Layer", "{E76F1376-CF12-467A-9D65-4C4DCECF45D3}"
EndProject
Project("{2150E333-8FDC-42A3-9474-1A3956D46DE8}") = "Data Access Layer", "Data Access Layer", "{EFF0134E-FB1A-4666-9395-B5F1A3E468EF}"
EndProject
Global
	GlobalSection(SolutionConfigurationPlatforms) = preSolution
		Debug|Any CPU = Debug|Any CPU
		Release|Any CPU = Release|Any CPU
	EndGlobalSection
	GlobalSection(ProjectConfigurationPlatforms) = postSolution
		{9881312D-C521-432F-97FF-06570CCADF17}.Debug|Any CPU.ActiveCfg = Debug|Any CPU
		{9881312D-C521-432F-97FF-06570CCADF17}.Debug|Any CPU.Build.0 = Debug|Any CPU
		{9881312D-C521-432F-97FF-06570CCADF17}.Release|Any CPU.ActiveCfg = Release|Any CPU
		{9881312D-C521-432F-97FF-06570CCADF17}.Release|Any CPU.Build.0 = Release|Any CPU
		{BCA0A987-E9B2-4E8B-9399-0E3592AE5CD7}.Debug|Any CPU.ActiveCfg = Debug|Any CPU
		{BCA0A987-E9B2-4E8B-9399-0E3592AE5CD7}.Debug|Any CPU.Build.0 = Debug|Any CPU
		{BCA0A987-E9B2-4E8B-9399-0E3592AE5CD7}.Release|Any CPU.ActiveCfg = Release|Any CPU
		{BCA0A987-E9B2-4E8B-9399-0E3592AE5CD7}.Release|Any CPU.Build.0 = Release|Any CPU
		{D74B946D-38A6-4318-A828-F2741D674AA8}.Debug|Any CPU.ActiveCfg = Debug|Any CPU
		{D74B946D-38A6-4318-A828-F2741D674AA8}.Debug|Any CPU.Build.0 = Debug|Any CPU
		{D74B946D-38A6-4318-A828-F2741D674AA8}.Release|Any CPU.ActiveCfg = Release|Any CPU
		{D74B946D-38A6-4318-A828-F2741D674AA8}.Release|Any CPU.Build.0 = Release|Any CPU
		{6CE3F86E-9B70-43A9-8FF5-A18B46ADE9CD}.Debug|Any CPU.ActiveCfg = Debug|Any CPU
		{6CE3F86E-9B70-43A9-8FF5-A18B46ADE9CD}.Debug|Any CPU.Build.0 = Debug|Any CPU
		{6CE3F86E-9B70-43A9-8FF5-A18B46ADE9CD}.Release|Any CPU.ActiveCfg = Release|Any CPU
		{6CE3F86E-9B70-43A9-8FF5-A18B46ADE9CD}.Release|Any CPU.Build.0 = Release|Any CPU
		{B60A3E70-C11F-4F4A-A809-6BEE3C77E4B8}.Debug|Any CPU.ActiveCfg = Debug|Any CPU
		{B60A3E70-C11F-4F4A-A809-6BEE3C77E4B8}.Debug|Any CPU.Build.0 = Debug|Any CPU
		{B60A3E70-C11F-4F4A-A809-6BEE3C77E4B8}.Release|Any CPU.ActiveCfg = Release|Any CPU
		{B60A3E70-C11F-4F4A-A809-6BEE3C77E4B8}.Release|Any CPU.Build.0 = Release|Any CPU
	EndGlobalSection
	GlobalSection(SolutionProperties) = preSolution
		HideSolutionNode = FALSE
	EndGlobalSection
	GlobalSection(NestedProjects) = preSolution
		{BCA0A987-E9B2-4E8B-9399-0E3592AE5CD7} = {9DBA9716-04BF-40C0-956A-722F9AD01B72}
		{D74B946D-38A6-4318-A828-F2741D674AA8} = {EFF0134E-FB1A-4666-9395-B5F1A3E468EF}
		{6CE3F86E-9B70-43A9-8FF5-A18B46ADE9CD} = {E76F1376-CF12-467A-9D65-4C4DCECF45D3}
		{B60A3E70-C11F-4F4A-A809-6BEE3C77E4B8} = {E76F1376-CF12-467A-9D65-4C4DCECF45D3}
	EndGlobalSection
EndGlobal
